
Microsoft Visual Studio Solution File, Format Version 12.00
# Visual Studio 15
VisualStudioVersion = 15.0.26430.16
MinimumVisualStudioVersion = 10.0.40219.1
Project("{FAE04EC0-301F-11D3-BF4B-00C04F79EFBC}") = "MonikaBot", "MonikaBot\MonikaBot.csproj", "{6C79D826-E504-4BA7-AFD5-54C827F7649E}"
EndProject
Global
	GlobalSection(SolutionConfigurationPlatforms) = preSolution
		Debug|Any CPU = Debug|Any CPU
		Release|Any CPU = Release|Any CPU
	EndGlobalSection
	GlobalSection(ProjectConfigurationPlatforms) = postSolution
		{6C79D826-E504-4BA7-AFD5-54C827F7649E}.Debug|Any CPU.ActiveCfg = Debug|Any CPU
		{6C79D826-E504-4BA7-AFD5-54C827F7649E}.Debug|Any CPU.Build.0 = Debug|Any CPU
		{6C79D826-E504-4BA7-AFD5-54C827F7649E}.Release|Any CPU.ActiveCfg = Release|Any CPU
		{6C79D826-E504-4BA7-AFD5-54C827F7649E}.Release|Any CPU.Build.0 = Release|Any CPU
	EndGlobalSection
	GlobalSection(SolutionProperties) = preSolution
		HideSolutionNode = FALSE
	EndGlobalSection
EndGlobal
